
Microsoft Visual Studio Solution File, Format Version 12.00
Project("{FAE04EC0-301F-11D3-BF4B-00C04F79EFBC}") = "FileManagerApp", "FileManagerApp\FileManagerApp.csproj", "{DA26354A-C144-4D28-A006-91D21CBEE577}"
EndProject
Global
	GlobalSection(SolutionConfigurationPlatforms) = preSolution
		Debug|Any CPU = Debug|Any CPU
		Release|Any CPU = Release|Any CPU
	EndGlobalSection
	GlobalSection(ProjectConfigurationPlatforms) = postSolution
		{DA26354A-C144-4D28-A006-91D21CBEE577}.Debug|Any CPU.ActiveCfg = Debug|Any CPU
		{DA26354A-C144-4D28-A006-91D21CBEE577}.Debug|Any CPU.Build.0 = Debug|Any CPU
		{DA26354A-C144-4D28-A006-91D21CBEE577}.Release|Any CPU.ActiveCfg = Release|Any CPU
		{DA26354A-C144-4D28-A006-91D21CBEE577}.Release|Any CPU.Build.0 = Release|Any CPU
	EndGlobalSection
EndGlobal
